
Microsoft Visual Studio Solution File, Format Version 12.00
# Visual Studio Version 16
VisualStudioVersion = 16.0.31729.503
MinimumVisualStudioVersion = 10.0.40219.1
Project("{8BC9CEB8-8B4A-11D0-8D11-00A0C91BC942}") = "app_try2", "app_try2.vcxproj", "{F8DBCAD6-2B3B-44D5-B615-FB7AA3730836}"
EndProject
Global
	GlobalSection(SolutionConfigurationPlatforms) = preSolution
		Debug|x64 = Debug|x64
		Debug|x86 = Debug|x86
		Release|x64 = Release|x64
		Release|x86 = Release|x86
	EndGlobalSection
	GlobalSection(ProjectConfigurationPlatforms) = postSolution
		{F8DBCAD6-2B3B-44D5-B615-FB7AA3730836}.Debug|x64.ActiveCfg = Debug|x64
		{F8DBCAD6-2B3B-44D5-B615-FB7AA3730836}.Debug|x64.Build.0 = Debug|x64
		{F8DBCAD6-2B3B-44D5-B615-FB7AA3730836}.Debug|x86.ActiveCfg = Debug|Win32
		{F8DBCAD6-2B3B-44D5-B615-FB7AA3730836}.Debug|x86.Build.0 = Debug|Win32
		{F8DBCAD6-2B3B-44D5-B615-FB7AA3730836}.Release|x64.ActiveCfg = Release|x64
		{F8DBCAD6-2B3B-44D5-B615-FB7AA3730836}.Release|x64.Build.0 = Release|x64
		{F8DBCAD6-2B3B-44D5-B615-FB7AA3730836}.Release|x86.ActiveCfg = Release|Win32
		{F8DBCAD6-2B3B-44D5-B615-FB7AA3730836}.Release|x86.Build.0 = Release|Win32
	EndGlobalSection
	GlobalSection(SolutionProperties) = preSolution
		HideSolutionNode = FALSE
	EndGlobalSection
	GlobalSection(ExtensibilityGlobals) = postSolution
		SolutionGuid = {81C66F76-1CE7-4794-AD73-BB373D251A7A}
	EndGlobalSection
EndGlobal
